{
    "_meta": {
        "hash": {
            "sha256": "65dcddfe299c7401df09e1c139d230d293c8c74382f2d72b75e68492aca57695"
        },
        "pipfile-spec": 6,
        "requires": {
            "python_version": "3.11"
        },
        "sources": [
            {
                "name": "pypi",
                "url": "https://pypi.org/simple",
                "verify_ssl": true
            }
        ]
    },
    "default": {
        "cairocffi": {
            "hashes": [
                "sha256:78e6bbe47357640c453d0be929fa49cd05cce2e1286f3d2a1ca9cbda7efdb8b7",
                "sha256:aa78ee52b9069d7475eeac457389b6275aa92111895d78fbaa2202a52dac112e"
            ],
            "markers": "python_version >= '3.7'",
            "version": "==1.6.1"
        },
        "cairosvg": {
            "hashes": [
                "sha256:432531d72347291b9a9ebfb6777026b607563fd8719c46ee742db0aef7271ba0",
                "sha256:8a5222d4e6c3f86f1f7046b63246877a63b49923a1cd202184c3a634ef546b3b"
            ],
            "index": "pypi",
            "markers": "python_version >= '3.5'",
            "version": "==2.7.1"
        },
        "cffi": {
            "hashes": [
                "sha256:0c9ef6ff37e974b73c25eecc13952c55bceed9112be2d9d938ded8e856138bcc",
                "sha256:131fd094d1065b19540c3d72594260f118b231090295d8c34e19a7bbcf2e860a",
                "sha256:1b8ebc27c014c59692bb2664c7d13ce7a6e9a629be20e54e7271fa696ff2b417",
                "sha256:2c56b361916f390cd758a57f2e16233eb4f64bcbeee88a4881ea90fca14dc6ab",
                "sha256:2d92b25dbf6cae33f65005baf472d2c245c050b1ce709cc4588cdcdd5495b520",
                "sha256:31d13b0f99e0836b7ff893d37af07366ebc90b678b6664c955b54561fc36ef36",
                "sha256:32c68ef735dbe5857c810328cb2481e24722a59a2003018885514d4c09af9743",
                "sha256:3686dffb02459559c74dd3d81748269ffb0eb027c39a6fc99502de37d501faa8",
                "sha256:582215a0e9adbe0e379761260553ba11c58943e4bbe9c36430c4ca6ac74b15ed",
                "sha256:5b50bf3f55561dac5438f8e70bfcdfd74543fd60df5fa5f62d94e5867deca684",
                "sha256:5bf44d66cdf9e893637896c7faa22298baebcd18d1ddb6d2626a6e39793a1d56",
                "sha256:6602bc8dc6f3a9e02b6c22c4fc1e47aa50f8f8e6d3f78a5e16ac33ef5fefa324",
                "sha256:673739cb539f8cdaa07d92d02efa93c9ccf87e345b9a0b556e3ecc666718468d",
                "sha256:68678abf380b42ce21a5f2abde8efee05c114c2fdb2e9eef2efdb0257fba1235",
                "sha256:68e7c44931cc171c54ccb702482e9fc723192e88d25a0e133edd7aff8fcd1f6e",
                "sha256:6b3d6606d369fc1da4fd8c357d026317fbb9c9b75d36dc16e90e84c26854b088",
                "sha256:748dcd1e3d3d7cd5443ef03ce8685043294ad6bd7c02a38d1bd367cfd968e000",
                "sha256:7651c50c8c5ef7bdb41108b7b8c5a83013bfaa8a935590c5d74627c047a583c7",
                "sha256:7b78010e7b97fef4bee1e896df8a4bbb6712b7f05b7ef630f9d1da00f6444d2e",
                "sha256:7e61e3e4fa664a8588aa25c883eab612a188c725755afff6289454d6362b9673",
                "sha256:80876338e19c951fdfed6198e70bc88f1c9758b94578d5a7c4c91a87af3cf31c",
                "sha256:8895613bcc094d4a1b2dbe179d88d7fb4a15cee43c052e8885783fac397d91fe",
                "sha256:88e2b3c14bdb32e440be531ade29d3c50a1a59cd4e51b1dd8b0865c54ea5d2e2",
                "sha256:8f8e709127c6c77446a8c0a8c8bf3c8ee706a06cd44b1e827c3e6a2ee6b8c098",
                "sha256:9cb4a35b3642fc5c005a6755a5d17c6c8b6bcb6981baf81cea8bfbc8903e8ba8",
                "sha256:9f90389693731ff1f659e55c7d1640e2ec43ff725cc61b04b2f9c6d8d017df6a",
                "sha256:a09582f178759ee8128d9270cd1344154fd473bb77d94ce0aeb2a93ebf0feaf0",
                "sha256:a6a14b17d7e17fa0d207ac08642c8820f84f25ce17a442fd15e27ea18d67c59b",
                "sha256:a72e8961a86d19bdb45851d8f1f08b041ea37d2bd8d4fd19903bc3083d80c896",
                "sha256:abd808f9c129ba2beda4cfc53bde801e5bcf9d6e0f22f095e45327c038bfe68e",
                "sha256:ac0f5edd2360eea2f1daa9e26a41db02dd4b0451b48f7c318e217ee092a213e9",
                "sha256:b29ebffcf550f9da55bec9e02ad430c992a87e5f512cd63388abb76f1036d8d2",
                "sha256:b2ca4e77f9f47c55c194982e10f058db063937845bb2b7a86c84a6cfe0aefa8b",
                "sha256:b7be2d771cdba2942e13215c4e340bfd76398e9227ad10402a8767ab1865d2e6",
                "sha256:b84834d0cf97e7d27dd5b7f3aca7b6e9263c56308ab9dc8aae9784abb774d404",
                "sha256:b86851a328eedc692acf81fb05444bdf1891747c25af7529e39ddafaf68a4f3f",
                "sha256:bcb3ef43e58665bbda2fb198698fcae6776483e0c4a631aa5647806c25e02cc0",
                "sha256:c0f31130ebc2d37cdd8e44605fb5fa7ad59049298b3f745c74fa74c62fbfcfc4",
                "sha256:c6a164aa47843fb1b01e941d385aab7215563bb8816d80ff3a363a9f8448a8dc",
                "sha256:d8a9d3ebe49f084ad71f9269834ceccbf398253c9fac910c4fd7053ff1386936",
                "sha256:db8e577c19c0fda0beb7e0d4e09e0ba74b1e4c092e0e40bfa12fe05b6f6d75ba",
                "sha256:dc9b18bf40cc75f66f40a7379f6a9513244fe33c0e8aa72e2d56b0196a7ef872",
                "sha256:e09f3ff613345df5e8c3667da1d918f9149bd623cd9070c983c013792a9a62eb",
                "sha256:e4108df7fe9b707191e55f33efbcb2d81928e10cea45527879a4749cbe472614",
                "sha256:e6024675e67af929088fda399b2094574609396b1decb609c55fa58b028a32a1",
                "sha256:e70f54f1796669ef691ca07d046cd81a29cb4deb1e5f942003f401c0c4a2695d",
                "sha256:e715596e683d2ce000574bae5d07bd522c781a822866c20495e52520564f0969",
                "sha256:e760191dd42581e023a68b758769e2da259b5d52e3103c6060ddc02c9edb8d7b",
                "sha256:ed86a35631f7bfbb28e108dd96773b9d5a6ce4811cf6ea468bb6a359b256b1e4",
                "sha256:ee07e47c12890ef248766a6e55bd38ebfb2bb8edd4142d56db91b21ea68b7627",
                "sha256:fa3a0128b152627161ce47201262d3140edb5a5c3da88d73a1b790a959126956",
                "sha256:fcc8eb6d5902bb1cf6dc4f187ee3ea80a1eba0a89aba40a5cb20a5087d961357"
            ],
            "markers": "python_version >= '3.8'",
            "version": "==1.16.0"
        },
        "chess": {
            "hashes": [
                "sha256:48ff7c084a370811819cfc753c2ee159942356ada70824666bd01ee3fca170d0",
                "sha256:bccde105f54aa436e899f92b4ba953731c65012a863fd9235683d0e2863ccd54"
            ],
            "markers": "python_version >= '3.7'",
            "version": "==1.10.0"
        },
        "cssselect2": {
            "hashes": [
                "sha256:1ccd984dab89fc68955043aca4e1b03e0cf29cad9880f6e28e3ba7a74b14aa5a",
                "sha256:fd23a65bfd444595913f02fc71f6b286c29261e354c41d722ca7a261a49b5969"
            ],
            "markers": "python_version >= '3.7'",
            "version": "==0.7.0"
        },
        "defusedxml": {
            "hashes": [
                "sha256:1bb3032db185915b62d7c6209c5a8792be6a32ab2fedacc84e01b52c51aa3e69",
                "sha256:a352e7e428770286cc899e2542b6cdaedb2b4953ff269a210103ec58f6198a61"
            ],
            "markers": "python_version >= '2.7' and python_version not in '3.0, 3.1, 3.2, 3.3, 3.4'",
            "version": "==0.7.1"
        },
        "freetype-py": {
            "hashes": [
                "sha256:3e0f5a91bc812f42d98a92137e86bac4ed037a29e43dafdb76d716d5732189e8",
                "sha256:8ad81195d2f8f339aba61700cebfbd77defad149c51f59b75a2a5e37833ae12e",
                "sha256:9614f68876e9c62e821dfa811dd6160e00279d9d98cf60118cb264be48da1472",
                "sha256:a2620788d4f0c00bd75fee2dfca61635ab0da856131598c96e2355d5257f70e5",
                "sha256:c6276d92ac401c8ce02ea391fc854de413b01a8d835fb394ee5eb6f04fc947f5",
                "sha256:c9a3abc277f5f6d21575c0093c0c6139c161bf05b91aa6258505ab27c5001c5e",
                "sha256:ce931f581d5038c4fea1f3d314254e0264e92441a5fdaef6817fe77b7bb888d3"
            ],
            "markers": "python_version >= '3.7'",
            "version": "==2.4.0"
        },
        "lxml": {
            "hashes": [
                "sha256:05186a0f1346ae12553d66df1cfce6f251589fea3ad3da4f3ef4e34b2d58c6a3",
                "sha256:075b731ddd9e7f68ad24c635374211376aa05a281673ede86cbe1d1b3455279d",
                "sha256:081d32421db5df44c41b7f08a334a090a545c54ba977e47fd7cc2deece78809a",
                "sha256:0a3d3487f07c1d7f150894c238299934a2a074ef590b583103a45002035be120",
                "sha256:0bfd0767c5c1de2551a120673b72e5d4b628737cb05414f03c3277bf9bed3305",
                "sha256:0c0850c8b02c298d3c7006b23e98249515ac57430e16a166873fc47a5d549287",
                "sha256:0e2cb47860da1f7e9a5256254b74ae331687b9672dfa780eed355c4c9c3dbd23",
                "sha256:120fa9349a24c7043854c53cae8cec227e1f79195a7493e09e0c12e29f918e52",
                "sha256:1247694b26342a7bf47c02e513d32225ededd18045264d40758abeb3c838a51f",
                "sha256:141f1d1a9b663c679dc524af3ea1773e618907e96075262726c7612c02b149a4",
                "sha256:14e019fd83b831b2e61baed40cab76222139926b1fb5ed0e79225bc0cae14584",
                "sha256:1509dd12b773c02acd154582088820893109f6ca27ef7291b003d0e81666109f",
                "sha256:17a753023436a18e27dd7769e798ce302963c236bc4114ceee5b25c18c52c693",
                "sha256:1e224d5755dba2f4a9498e150c43792392ac9b5380aa1b845f98a1618c94eeef",
                "sha256:1f447ea5429b54f9582d4b955f5f1985f278ce5cf169f72eea8afd9502973dd5",
                "sha256:23eed6d7b1a3336ad92d8e39d4bfe09073c31bfe502f20ca5116b2a334f8ec02",
                "sha256:25f32acefac14ef7bd53e4218fe93b804ef6f6b92ffdb4322bb6d49d94cad2bc",
                "sha256:2c74524e179f2ad6d2a4f7caf70e2d96639c0954c943ad601a9e146c76408ed7",
                "sha256:303bf1edce6ced16bf67a18a1cf8339d0db79577eec5d9a6d4a80f0fb10aa2da",
                "sha256:3331bece23c9ee066e0fb3f96c61322b9e0f54d775fccefff4c38ca488de283a",
                "sha256:3e9bdd30efde2b9ccfa9cb5768ba04fe71b018a25ea093379c857c9dad262c40",
                "sha256:411007c0d88188d9f621b11d252cce90c4a2d1a49db6c068e3c16422f306eab8",
                "sha256:42871176e7896d5d45138f6d28751053c711ed4d48d8e30b498da155af39aebd",
                "sha256:46f409a2d60f634fe550f7133ed30ad5321ae2e6630f13657fb9479506b00601",
                "sha256:48628bd53a426c9eb9bc066a923acaa0878d1e86129fd5359aee99285f4eed9c",
                "sha256:48d6ed886b343d11493129e019da91d4039826794a3e3027321c56d9e71505be",
                "sha256:4930be26af26ac545c3dffb662521d4e6268352866956672231887d18f0eaab2",
                "sha256:4aec80cde9197340bc353d2768e2a75f5f60bacda2bab72ab1dc499589b3878c",
                "sha256:4c28a9144688aef80d6ea666c809b4b0e50010a2aca784c97f5e6bf143d9f129",
                "sha256:4d2d1edbca80b510443f51afd8496be95529db04a509bc8faee49c7b0fb6d2cc",
                "sha256:4dd9a263e845a72eacb60d12401e37c616438ea2e5442885f65082c276dfb2b2",
                "sha256:4f1026bc732b6a7f96369f7bfe1a4f2290fb34dce00d8644bc3036fb351a4ca1",
                "sha256:4fb960a632a49f2f089d522f70496640fdf1218f1243889da3822e0a9f5f3ba7",
                "sha256:50670615eaf97227d5dc60de2dc99fb134a7130d310d783314e7724bf163f75d",
                "sha256:50baa9c1c47efcaef189f31e3d00d697c6d4afda5c3cde0302d063492ff9b477",
                "sha256:53ace1c1fd5a74ef662f844a0413446c0629d151055340e9893da958a374f70d",
                "sha256:5515edd2a6d1a5a70bfcdee23b42ec33425e405c5b351478ab7dc9347228f96e",
                "sha256:56dc1f1ebccc656d1b3ed288f11e27172a01503fc016bcabdcbc0978b19352b7",
                "sha256:578695735c5a3f51569810dfebd05dd6f888147a34f0f98d4bb27e92b76e05c2",
                "sha256:57aba1bbdf450b726d58b2aea5fe47c7875f5afb2c4a23784ed78f19a0462574",
                "sha256:57d6ba0ca2b0c462f339640d22882acc711de224d769edf29962b09f77129cbf",
                "sha256:5c245b783db29c4e4fbbbfc9c5a78be496c9fea25517f90606aa1f6b2b3d5f7b",
                "sha256:5c31c7462abdf8f2ac0577d9f05279727e698f97ecbb02f17939ea99ae8daa98",
                "sha256:64f479d719dc9f4c813ad9bb6b28f8390360660b73b2e4beb4cb0ae7104f1c12",
                "sha256:65299ea57d82fb91c7f019300d24050c4ddeb7c5a190e076b5f48a2b43d19c42",
                "sha256:6689a3d7fd13dc687e9102a27e98ef33730ac4fe37795d5036d18b4d527abd35",
                "sha256:690dafd0b187ed38583a648076865d8c229661ed20e48f2335d68e2cf7dc829d",
                "sha256:6fc3c450eaa0b56f815c7b62f2b7fba7266c4779adcf1cece9e6deb1de7305ce",
                "sha256:704f61ba8c1283c71b16135caf697557f5ecf3e74d9e453233e4771d68a1f42d",
                "sha256:71c52db65e4b56b8ddc5bb89fb2e66c558ed9d1a74a45ceb7dcb20c191c3df2f",
                "sha256:71d66ee82e7417828af6ecd7db817913cb0cf9d4e61aa0ac1fde0583d84358db",
                "sha256:7d298a1bd60c067ea75d9f684f5f3992c9d6766fadbc0bcedd39750bf344c2f4",
                "sha256:8b77946fd508cbf0fccd8e400a7f71d4ac0e1595812e66025bac475a8e811694",
                "sha256:8d7e43bd40f65f7d97ad8ef5c9b1778943d02f04febef12def25f7583d19baac",
                "sha256:8df133a2ea5e74eef5e8fc6f19b9e085f758768a16e9877a60aec455ed2609b2",
                "sha256:8ed74706b26ad100433da4b9d807eae371efaa266ffc3e9191ea436087a9d6a7",
                "sha256:92af161ecbdb2883c4593d5ed4815ea71b31fafd7fd05789b23100d081ecac96",
                "sha256:97047f0d25cd4bcae81f9ec9dc290ca3e15927c192df17331b53bebe0e3ff96d",
                "sha256:9719fe17307a9e814580af1f5c6e05ca593b12fb7e44fe62450a5384dbf61b4b",
                "sha256:9767e79108424fb6c3edf8f81e6730666a50feb01a328f4a016464a5893f835a",
                "sha256:9a92d3faef50658dd2c5470af249985782bf754c4e18e15afb67d3ab06233f13",
                "sha256:9bb6ad405121241e99a86efff22d3ef469024ce22875a7ae045896ad23ba2340",
                "sha256:9e28c51fa0ce5674be9f560c6761c1b441631901993f76700b1b30ca6c8378d6",
                "sha256:aca086dc5f9ef98c512bac8efea4483eb84abbf926eaeedf7b91479feb092458",
                "sha256:ae8b9c6deb1e634ba4f1930eb67ef6e6bf6a44b6eb5ad605642b2d6d5ed9ce3c",
                "sha256:b0a545b46b526d418eb91754565ba5b63b1c0b12f9bd2f808c852d9b4b2f9b5c",
                "sha256:b4e4bc18382088514ebde9328da057775055940a1f2e18f6ad2d78aa0f3ec5b9",
                "sha256:b6420a005548ad52154c8ceab4a1290ff78d757f9e5cbc68f8c77089acd3c432",
                "sha256:b86164d2cff4d3aaa1f04a14685cbc072efd0b4f99ca5708b2ad1b9b5988a991",
                "sha256:bb3bb49c7a6ad9d981d734ef7c7193bc349ac338776a0360cc671eaee89bcf69",
                "sha256:bef4e656f7d98aaa3486d2627e7d2df1157d7e88e7efd43a65aa5dd4714916cf",
                "sha256:c0781a98ff5e6586926293e59480b64ddd46282953203c76ae15dbbbf302e8bb",
                "sha256:c2006f5c8d28dee289f7020f721354362fa304acbaaf9745751ac4006650254b",
                "sha256:c41bfca0bd3532d53d16fd34d20806d5c2b1ace22a2f2e4c0008570bf2c58833",
                "sha256:cd47b4a0d41d2afa3e58e5bf1f62069255aa2fd6ff5ee41604418ca925911d76",
                "sha256:cdb650fc86227eba20de1a29d4b2c1bfe139dc75a0669270033cb2ea3d391b85",
                "sha256:cef2502e7e8a96fe5ad686d60b49e1ab03e438bd9123987994528febd569868e",
                "sha256:d27be7405547d1f958b60837dc4c1007da90b8b23f54ba1f8b728c78fdb19d50",
                "sha256:d37017287a7adb6ab77e1c5bee9bcf9660f90ff445042b790402a654d2ad81d8",
                "sha256:d3ff32724f98fbbbfa9f49d82852b159e9784d6094983d9a8b7f2ddaebb063d4",
                "sha256:d73d8ecf8ecf10a3bd007f2192725a34bd62898e8da27eb9d32a58084f93962b",
                "sha256:dd708cf4ee4408cf46a48b108fb9427bfa00b9b85812a9262b5c668af2533ea5",
                "sha256:e3cd95e10c2610c360154afdc2f1480aea394f4a4f1ea0a5eacce49640c9b190",
                "sha256:e4da8ca0c0c0aea88fd46be8e44bd49716772358d648cce45fe387f7b92374a7",
                "sha256:eadfbbbfb41b44034a4c757fd5d70baccd43296fb894dba0295606a7cf3124aa",
                "sha256:ed667f49b11360951e201453fc3967344d0d0263aa415e1619e85ae7fd17b4e0",
                "sha256:f3df3db1d336b9356dd3112eae5f5c2b8b377f3bc826848567f10bfddfee77e9",
                "sha256:f6bdac493b949141b733c5345b6ba8f87a226029cbabc7e9e121a413e49441e0",
                "sha256:fbf521479bcac1e25a663df882c46a641a9bff6b56dc8b0fafaebd2f66fb231b",
                "sha256:fc9b106a1bf918db68619fdcd6d5ad4f972fdd19c01d19bdb6bf63f3589a9ec5",
                "sha256:fcdd00edfd0a3001e0181eab3e63bd5c74ad3e67152c84f93f13769a40e073a7",
                "sha256:fe4bda6bd4340caa6e5cf95e73f8fea5c4bfc55763dd42f1b50a94c1b4a2fbd4"
            ],
            "markers": "python_version >= '2.7' and python_version not in '3.0, 3.1, 3.2, 3.3, 3.4'",
            "version": "==4.9.3"
        },
        "pillow": {
            "hashes": [
                "sha256:00f438bb841382b15d7deb9a05cc946ee0f2c352653c7aa659e75e592f6fa17d",
                "sha256:0248f86b3ea061e67817c47ecbe82c23f9dd5d5226200eb9090b3873d3ca32de",
                "sha256:04f6f6149f266a100374ca3cc368b67fb27c4af9f1cc8cb6306d849dcdf12616",
                "sha256:062a1610e3bc258bff2328ec43f34244fcec972ee0717200cb1425214fe5b839",
                "sha256:0a026c188be3b443916179f5d04548092e253beb0c3e2ee0a4e2cdad72f66099",
                "sha256:0f7c276c05a9767e877a0b4c5050c8bee6a6d960d7f0c11ebda6b99746068c2a",
                "sha256:1a8413794b4ad9719346cd9306118450b7b00d9a15846451549314a58ac42219",
                "sha256:1ab05f3db77e98f93964697c8efc49c7954b08dd61cff526b7f2531a22410106",
                "sha256:1c3ac5423c8c1da5928aa12c6e258921956757d976405e9467c5f39d1d577a4b",
                "sha256:1c41d960babf951e01a49c9746f92c5a7e0d939d1652d7ba30f6b3090f27e412",
                "sha256:1fafabe50a6977ac70dfe829b2d5735fd54e190ab55259ec8aea4aaea412fa0b",
                "sha256:1fb29c07478e6c06a46b867e43b0bcdb241b44cc52be9bc25ce5944eed4648e7",
                "sha256:24fadc71218ad2b8ffe437b54876c9382b4a29e030a05a9879f615091f42ffc2",
                "sha256:2cdc65a46e74514ce742c2013cd4a2d12e8553e3a2563c64879f7c7e4d28bce7",
                "sha256:2ef6721c97894a7aa77723740a09547197533146fba8355e86d6d9a4a1056b14",
                "sha256:3b834f4b16173e5b92ab6566f0473bfb09f939ba14b23b8da1f54fa63e4b623f",
                "sha256:3d929a19f5469b3f4df33a3df2983db070ebb2088a1e145e18facbc28cae5b27",
                "sha256:41f67248d92a5e0a2076d3517d8d4b1e41a97e2df10eb8f93106c89107f38b57",
                "sha256:47e5bf85b80abc03be7455c95b6d6e4896a62f6541c1f2ce77a7d2bb832af262",
                "sha256:4d0152565c6aa6ebbfb1e5d8624140a440f2b99bf7afaafbdbf6430426497f28",
                "sha256:50d08cd0a2ecd2a8657bd3d82c71efd5a58edb04d9308185d66c3a5a5bed9610",
                "sha256:61f1a9d247317fa08a308daaa8ee7b3f760ab1809ca2da14ecc88ae4257d6172",
                "sha256:6932a7652464746fcb484f7fc3618e6503d2066d853f68a4bd97193a3996e273",
                "sha256:7a7e3daa202beb61821c06d2517428e8e7c1aab08943e92ec9e5755c2fc9ba5e",
                "sha256:7dbaa3c7de82ef37e7708521be41db5565004258ca76945ad74a8e998c30af8d",
                "sha256:7df5608bc38bd37ef585ae9c38c9cd46d7c81498f086915b0f97255ea60c2818",
                "sha256:806abdd8249ba3953c33742506fe414880bad78ac25cc9a9b1c6ae97bedd573f",
                "sha256:883f216eac8712b83a63f41b76ddfb7b2afab1b74abbb413c5df6680f071a6b9",
                "sha256:912e3812a1dbbc834da2b32299b124b5ddcb664ed354916fd1ed6f193f0e2d01",
                "sha256:937bdc5a7f5343d1c97dc98149a0be7eb9704e937fe3dc7140e229ae4fc572a7",
                "sha256:9882a7451c680c12f232a422730f986a1fcd808da0fd428f08b671237237d651",
                "sha256:9a92109192b360634a4489c0c756364c0c3a2992906752165ecb50544c251312",
                "sha256:9d7bc666bd8c5a4225e7ac71f2f9d12466ec555e89092728ea0f5c0c2422ea80",
                "sha256:a5f63b5a68daedc54c7c3464508d8c12075e56dcfbd42f8c1bf40169061ae666",
                "sha256:a646e48de237d860c36e0db37ecaecaa3619e6f3e9d5319e527ccbc8151df061",
                "sha256:a89b8312d51715b510a4fe9fc13686283f376cfd5abca8cd1c65e4c76e21081b",
                "sha256:a92386125e9ee90381c3369f57a2a50fa9e6aa8b1cf1d9c4b200d41a7dd8e992",
                "sha256:ae88931f93214777c7a3aa0a8f92a683f83ecde27f65a45f95f22d289a69e593",
                "sha256:afc8eef765d948543a4775f00b7b8c079b3321d6b675dde0d02afa2ee23000b4",
                "sha256:b0eb01ca85b2361b09480784a7931fc648ed8b7836f01fb9241141b968feb1db",
                "sha256:b1c25762197144e211efb5f4e8ad656f36c8d214d390585d1d21281f46d556ba",
                "sha256:b4005fee46ed9be0b8fb42be0c20e79411533d1fd58edabebc0dd24626882cfd",
                "sha256:b920e4d028f6442bea9a75b7491c063f0b9a3972520731ed26c83e254302eb1e",
                "sha256:baada14941c83079bf84c037e2d8b7506ce201e92e3d2fa0d1303507a8538212",
                "sha256:bb40c011447712d2e19cc261c82655f75f32cb724788df315ed992a4d65696bb",
                "sha256:c0949b55eb607898e28eaccb525ab104b2d86542a85c74baf3a6dc24002edec2",
                "sha256:c9aeea7b63edb7884b031a35305629a7593272b54f429a9869a4f63a1bf04c34",
                "sha256:cfe96560c6ce2f4c07d6647af2d0f3c54cc33289894ebd88cfbb3bcd5391e256",
                "sha256:d27b5997bdd2eb9fb199982bb7eb6164db0426904020dc38c10203187ae2ff2f",
                "sha256:d921bc90b1defa55c9917ca6b6b71430e4286fc9e44c55ead78ca1a9f9eba5f2",
                "sha256:e6bf8de6c36ed96c86ea3b6e1d5273c53f46ef518a062464cd7ef5dd2cf92e38",
                "sha256:eaed6977fa73408b7b8a24e8b14e59e1668cfc0f4c40193ea7ced8e210adf996",
                "sha256:fa1d323703cfdac2036af05191b969b910d8f115cf53093125e4058f62012c9a",
                "sha256:fe1e26e1ffc38be097f0ba1d0d07fcade2bcfd1d023cda5b29935ae8052bd793"
            ],
            "markers": "python_version >= '3.8'",
            "version": "==10.1.0"
        },
        "pycairo": {
            "hashes": [
                "sha256:1eb0fe7738e770057017f185a76aaad9aa280da1bdf0571fb85b7e116eeb3001",
                "sha256:2e4da8be0a696c2e8a1709f5a2bd849e802147769439ea4268f926695f4b5a55",
                "sha256:37842b9bfa6339c45a5025f752e1d78d5840b1a0f82303bdd5610846ad8b5c4f",
                "sha256:439c62c3c744aabb70ab6b97f04e0d58e587cc35c2e9f52d1bb2f47f852ea2de",
                "sha256:659b0b701767bbfe16ad3cb291717039555bf4d0b857f64acc7e40e1b39660bc",
                "sha256:6654201d10c5f13975caec648796b1e0e2b0f8af1e4302a086dc3183bb8346ee",
                "sha256:7f1390e5e81719bfcf30ad667c09188caa1d3bd190f9af40efcd13e25b7cf25b",
                "sha256:8690cc2cba6bd223cc9703a9a7b392fe1bec78003662c6dbc9869d81ee343bdf",
                "sha256:9f0ee34c6ca1e7ef970d51fb68e5a6a02a374d2e679ceddf891dfc53408b11c7",
                "sha256:a8b08f198a45b5e505c1475ed9c3b1a39993b9ebff0e18dd9f194927de6411b7",
                "sha256:c40ce034a07266460bc3318a179aa43b2824d36754906831a90c99fb4f246370",
                "sha256:c986f7ee44dee9c6b119604f8f33480d9f5410e550a8bbda5d333742a867a53c",
                "sha256:caa76409cae523f7c5254ee75935d8d520efa96eaf22c64f26c8e24ca74f8281",
                "sha256:ec0e05fe7a0d2fc1ef0d6babc19b8b2d731af3ab1638fcdcaad2d42204a487f2",
                "sha256:f5d29720075d0d3cc1eef8abb3a3069951b466f04583976adfd770e71bc5be3a"
            ],
            "markers": "python_version >= '3.8'",
            "version": "==1.25.0"
        },
        "pycparser": {
            "hashes": [
                "sha256:8ee45429555515e1f6b185e78100aea234072576aa43ab53aefcae078162fca9",
                "sha256:e644fdec12f7872f86c58ff790da456218b10f863970249516d60a5eaca77206"
            ],
            "version": "==2.21"
        },
        "python-chess": {
            "hashes": [
                "sha256:8cad0388c42242d890ac6368ad64def15cd0165db033df0ad479492e266e5e6c",
                "sha256:93b562f8f1124cb7bf56fb095e18743758e69dc6a028ccda0badcaa5c59d88c8"
            ],
            "index": "pypi",
            "version": "==1.999"
        },
        "reportlab": {
            "hashes": [
                "sha256:069aa35da7c882921f419f6e26327e14dac1d9d0adeb40b584cdadd974d99fc0",
                "sha256:ec062675202eb76f6100ed44da64f38ed3c7feb5016cf4fe7f17ce35423ab14a"
            ],
            "index": "pypi",
            "markers": "python_version >= '3.7' and python_version < '4'",
            "version": "==4.0.6"
        },
        "rlpycairo": {
            "hashes": [
                "sha256:f6ec712a76914f78c1491351e1d79eeb1a40d072accf5d36075e399963c17b17"
            ],
            "index": "pypi",
            "markers": "python_version >= '3.7'",
            "version": "==0.3.0"
        },
        "space-tracer": {
            "hashes": [
                "sha256:be9e81ae0ee9e77a387ebd6e429e19a6f51a31b59e5ea84c870941180da4f82f",
                "sha256:fd938bc13640032c1ded6663bb71c3559340f1e481ffcee8444a5d194ab61581"
            ],
            "index": "pypi",
            "version": "==4.11.0"
        },
        "svg-turtle": {
            "hashes": [
                "sha256:b917377e193b54a03c0170ce5314ee47250bad89a80bcdd27bbe316b79ac176d",
                "sha256:fe15e1fa2fab618ef3f29cb05afeb0b0b600ff979fa6ad1dc128951c3a125d9e"
            ],
            "index": "pypi",
            "version": "==0.4.2"
        },
        "svglib": {
            "hashes": [
                "sha256:3ae765d3a9409ee60c0fb4d24c2deb6a80617aa927054f5bcd7fc98f0695e587"
            ],
            "index": "pypi",
            "markers": "python_version >= '3.7'",
            "version": "==1.5.1"
        },
        "svgwrite": {
            "hashes": [
                "sha256:a8fbdfd4443302a6619a7f76bc937fc683daf2628d9b737c891ec08b8ce524c3",
                "sha256:bb6b2b5450f1edbfa597d924f9ac2dd099e625562e492021d7dd614f65f8a22d"
            ],
            "markers": "python_version >= '3.6'",
            "version": "==1.4.3"
        },
        "tinycss2": {
            "hashes": [
                "sha256:2b80a96d41e7c3914b8cda8bc7f705a4d9c49275616e886103dd839dfc847847",
                "sha256:8cff3a8f066c2ec677c06dbc7b45619804a6938478d9d73c284b29d14ecb0627"
            ],
            "markers": "python_version >= '3.7'",
            "version": "==1.2.1"
        },
        "webencodings": {
            "hashes": [
                "sha256:a0af1213f3c2226497a97e2b3aa01a7e4bee4f403f95be16fc9acd2947514a78",
                "sha256:b36a1c245f2d304965eb4e0a82848379241dc04b865afcc4aab16748587e1923"
            ],
            "version": "==0.5.1"
        }
    },
    "develop": {}
}
